// !$*UTF8*$!
{
	archiveVersion = 1;
	classes = {
	};
	objectVersion = 48;
	objects = {

/* Begin PBXBuildFile section */
		FA9AF67E1F4AA6AF00859933 /* AppDelegate.swift in Sources */ = {isa = PBXBuildFile; fileRef = FA9AF67D1F4AA6AF00859933 /* AppDelegate.swift */; };
		FA9AF6801F4AA6AF00859933 /* CategoriesVC.swift in Sources */ = {isa = PBXBuildFile; fileRef = FA9AF67F1F4AA6AF00859933 /* CategoriesVC.swift */; };
		FA9AF6831F4AA6AF00859933 /* Main.storyboard in Resources */ = {isa = PBXBuildFile; fileRef = FA9AF6811F4AA6AF00859933 /* Main.storyboard */; };
		FA9AF6851F4AA6AF00859933 /* Assets.xcassets in Resources */ = {isa = PBXBuildFile; fileRef = FA9AF6841F4AA6AF00859933 /* Assets.xcassets */; };
		FA9AF6881F4AA6AF00859933 /* LaunchScreen.storyboard in Resources */ = {isa = PBXBuildFile; fileRef = FA9AF6861F4AA6AF00859933 /* LaunchScreen.storyboard */; };
		FA9AF6931F4AAA5900859933 /* CategoryCell.swift in Sources */ = {isa = PBXBuildFile; fileRef = FA9AF6921F4AAA5900859933 /* CategoryCell.swift */; };
		FA9AF6951F4AAC3500859933 /* Category.swift in Sources */ = {isa = PBXBuildFile; fileRef = FA9AF6941F4AAC3500859933 /* Category.swift */; };
		FA9AF6981F4AADBA00859933 /* DataService.swift in Sources */ = {isa = PBXBuildFile; fileRef = FA9AF6971F4AADBA00859933 /* DataService.swift */; };
		FA9AF69A1F4AB7DD00859933 /* ProductCell.swift in Sources */ = {isa = PBXBuildFile; fileRef = FA9AF6991F4AB7DD00859933 /* ProductCell.swift */; };
		FA9AF69C1F4AB88700859933 /* Product.swift in Sources */ = {isa = PBXBuildFile; fileRef = FA9AF69B1F4AB88700859933 /* Product.swift */; };
/* End PBXBuildFile section */

/* Begin PBXFileReference section */
		FA9AF67A1F4AA6AF00859933 /* coder-swag.app */ = {isa = PBXFileReference; explicitFileType = wrapper.application; includeInIndex = 0; path = "coder-swag.app"; sourceTree = BUILT_PRODUCTS_DIR; };
		FA9AF67D1F4AA6AF00859933 /* AppDelegate.swift */ = {isa = PBXFileReference; lastKnownFileType = sourcecode.swift; path = AppDelegate.swift; sourceTree = "<group>"; };
		FA9AF67F1F4AA6AF00859933 /* CategoriesVC.swift */ = {isa = PBXFileReference; lastKnownFileType = sourcecode.swift; path = CategoriesVC.swift; sourceTree = "<group>"; };
		FA9AF6821F4AA6AF00859933 /* Base */ = {isa = PBXFileReference; lastKnownFileType = file.storyboard; name = Base; path = Base.lproj/Main.storyboard; sourceTree = "<group>"; };
		FA9AF6841F4AA6AF00859933 /* Assets.xcassets */ = {isa = PBXFileReference; lastKnownFileType = folder.assetcatalog; path = Assets.xcassets; sourceTree = "<group>"; };
		FA9AF6871F4AA6AF00859933 /* Base */ = {isa = PBXFileReference; lastKnownFileType = file.storyboard; name = Base; path = Base.lproj/LaunchScreen.storyboard; sourceTree = "<group>"; };
		FA9AF6891F4AA6AF00859933 /* Info.plist */ = {isa = PBXFileReference; lastKnownFileType = text.plist.xml; path = Info.plist; sourceTree = "<group>"; };
		FA9AF6921F4AAA5900859933 /* CategoryCell.swift */ = {isa = PBXFileReference; lastKnownFileType = sourcecode.swift; path = CategoryCell.swift; sourceTree = "<group>"; };
		FA9AF6941F4AAC3500859933 /* Category.swift */ = {isa = PBXFileReference; lastKnownFileType = sourcecode.swift; path = Category.swift; sourceTree = "<group>"; };
		FA9AF6971F4AADBA00859933 /* DataService.swift */ = {isa = PBXFileReference; lastKnownFileType = sourcecode.swift; path = DataService.swift; sourceTree = "<group>"; };
		FA9AF6991F4AB7DD00859933 /* ProductCell.swift */ = {isa = PBXFileReference; lastKnownFileType = sourcecode.swift; path = ProductCell.swift; sourceTree = "<group>"; };
		FA9AF69B1F4AB88700859933 /* Product.swift */ = {isa = PBXFileReference; lastKnownFileType = sourcecode.swift; path = Product.swift; sourceTree = "<group>"; };
/* End PBXFileReference section */

/* Begin PBXFrameworksBuildPhase section */
		FA9AF6771F4AA6AF00859933 /* Frameworks */ = {
			isa = PBXFrameworksBuildPhase;
			buildActionMask = 2147483647;
			files = (
			);
			runOnlyForDeploymentPostprocessing = 0;
		};
/* End PBXFrameworksBuildPhase section */

/* Begin PBXGroup section */
		FA9AF6711F4AA6AF00859933 = {
			isa = PBXGroup;
			children = (
				FA9AF67C1F4AA6AF00859933 /* coder-swag */,
				FA9AF67B1F4AA6AF00859933 /* Products */,
			);
			sourceTree = "<group>";
		};
		FA9AF67B1F4AA6AF00859933 /* Products */ = {
			isa = PBXGroup;
			children = (
				FA9AF67A1F4AA6AF00859933 /* coder-swag.app */,
			);
			name = Products;
			sourceTree = "<group>";
		};
		FA9AF67C1F4AA6AF00859933 /* coder-swag */ = {
			isa = PBXGroup;
			children = (
				FA9AF6961F4AAD8C00859933 /* Services */,
				FA9AF6911F4AA9E900859933 /* View */,
				FA9AF6901F4AA9E400859933 /* Model */,
				FA9AF68F1F4AA9DD00859933 /* Controller */,
				FA9AF67D1F4AA6AF00859933 /* AppDelegate.swift */,
				FA9AF6811F4AA6AF00859933 /* Main.storyboard */,
				FA9AF6841F4AA6AF00859933 /* Assets.xcassets */,
				FA9AF6861F4AA6AF00859933 /* LaunchScreen.storyboard */,
				FA9AF6891F4AA6AF00859933 /* Info.plist */,
			);
			path = "coder-swag";
			sourceTree = "<group>";
		};
		FA9AF68F1F4AA9DD00859933 /* Controller */ = {
			isa = PBXGroup;
			children = (
				FA9AF67F1F4AA6AF00859933 /* CategoriesVC.swift */,
			);
			path = Controller;
			sourceTree = "<group>";
		};
		FA9AF6901F4AA9E400859933 /* Model */ = {
			isa = PBXGroup;
			children = (
				FA9AF6941F4AAC3500859933 /* Category.swift */,
				FA9AF69B1F4AB88700859933 /* Product.swift */,
			);
			path = Model;
			sourceTree = "<group>";
		};
		FA9AF6911F4AA9E900859933 /* View */ = {
			isa = PBXGroup;
			children = (
				FA9AF6921F4AAA5900859933 /* CategoryCell.swift */,
				FA9AF6991F4AB7DD00859933 /* ProductCell.swift */,
			);
			path = View;
			sourceTree = "<group>";
		};
		FA9AF6961F4AAD8C00859933 /* Services */ = {
			isa = PBXGroup;
			children = (
				FA9AF6971F4AADBA00859933 /* DataService.swift */,
			);
			path = Services;
			sourceTree = "<group>";
		};
/* End PBXGroup section */

/* Begin PBXNativeTarget section */
		FA9AF6791F4AA6AF00859933 /* coder-swag */ = {
			isa = PBXNativeTarget;
			buildConfigurationList = FA9AF68C1F4AA6AF00859933 /* Build configuration list for PBXNativeTarget "coder-swag" */;
			buildPhases = (
				FA9AF6761F4AA6AF00859933 /* Sources */,
				FA9AF6771F4AA6AF00859933 /* Frameworks */,
				FA9AF6781F4AA6AF00859933 /* Resources */,
			);
			buildRules = (
			);
			dependencies = (
			);
			name = "coder-swag";
			productName = "coder-swag";
			productReference = FA9AF67A1F4AA6AF00859933 /* coder-swag.app */;
			productType = "com.apple.product-type.application";
		};
/* End PBXNativeTarget section */

/* Begin PBXProject section */
		FA9AF6721F4AA6AF00859933 /* Project object */ = {
			isa = PBXProject;
			attributes = {
				LastSwiftUpdateCheck = 0900;
				LastUpgradeCheck = 0900;
				ORGANIZATIONNAME = "Carlos Cuba";
				TargetAttributes = {
					FA9AF6791F4AA6AF00859933 = {
						CreatedOnToolsVersion = 9.0;
					};
				};
			};
			buildConfigurationList = FA9AF6751F4AA6AF00859933 /* Build configuration list for PBXProject "coder-swag" */;
			compatibilityVersion = "Xcode 8.0";
			developmentRegion = en;
			hasScannedForEncodings = 0;
			knownRegions = (
				en,
				Base,
			);
			mainGroup = FA9AF6711F4AA6AF00859933;
			productRefGroup = FA9AF67B1F4AA6AF00859933 /* Products */;
			projectDirPath = "";
			projectRoot = "";
			targets = (
				FA9AF6791F4AA6AF00859933 /* coder-swag */,
			);
		};
/* End PBXProject section */

/* Begin PBXResourcesBuildPhase section */
		FA9AF6781F4AA6AF00859933 /* Resources */ = {
			isa = PBXResourcesBuildPhase;
			buildActionMask = 2147483647;
			files = (
				FA9AF6881F4AA6AF00859933 /* LaunchScreen.storyboard in Resources */,
				FA9AF6851F4AA6AF00859933 /* Assets.xcassets in Resources */,
				FA9AF6831F4AA6AF00859933 /* Main.storyboard in Resources */,
			);
			runOnlyForDeploymentPostprocessing = 0;
		};
/* End PBXResourcesBuildPhase section */

/* Begin PBXSourcesBuildPhase section */
		FA9AF6761F4AA6AF00859933 /* Sources */ = {
			isa = PBXSourcesBuildPhase;
			buildActionMask = 2147483647;
			files = (
				FA9AF6801F4AA6AF00859933 /* CategoriesVC.swift in Sources */,
				FA9AF67E1F4AA6AF00859933 /* AppDelegate.swift in Sources */,
				FA9AF6931F4AAA5900859933 /* CategoryCell.swift in Sources */,
				FA9AF69A1F4AB7DD00859933 /* ProductCell.swift in Sources */,
				FA9AF6951F4AAC3500859933 /* Category.swift in Sources */,
				FA9AF6981F4AADBA00859933 /* DataService.swift in Sources */,
				FA9AF69C1F4AB88700859933 /* Product.swift in Sources */,
			);
			runOnlyForDeploymentPostprocessing = 0;
		};
/* End PBXSourcesBuildPhase section */

/* Begin PBXVariantGroup section */
		FA9AF6811F4AA6AF00859933 /* Main.storyboard */ = {
			isa = PBXVariantGroup;
			children = (
				FA9AF6821F4AA6AF00859933 /* Base */,
			);
			name = Main.storyboard;
			sourceTree = "<group>";
		};
		FA9AF6861F4AA6AF00859933 /* LaunchScreen.storyboard */ = {
			isa = PBXVariantGroup;
			children = (
				FA9AF6871F4AA6AF00859933 /* Base */,
			);
			name = LaunchScreen.storyboard;
			sourceTree = "<group>";
		};
/* End PBXVariantGroup section */

/* Begin XCBuildConfiguration section */
		FA9AF68A1F4AA6AF00859933 /* Debug */ = {
			isa = XCBuildConfiguration;
			buildSettings = {
				ALWAYS_SEARCH_USER_PATHS = NO;
				CLANG_ANALYZER_NONNULL = YES;
				CLANG_ANALYZER_NUMBER_OBJECT_CONVERSION = YES_AGGRESSIVE;
				CLANG_CXX_LANGUAGE_STANDARD = "gnu++14";
				CLANG_CXX_LIBRARY = "libc++";
				CLANG_ENABLE_MODULES = YES;
				CLANG_ENABLE_OBJC_ARC = YES;
				CLANG_WARN_BLOCK_CAPTURE_AUTORELEASING = YES;
				CLANG_WARN_BOOL_CONVERSION = YES;
				CLANG_WARN_COMMA = YES;
				CLANG_WARN_CONSTANT_CONVERSION = YES;
				CLANG_WARN_DIRECT_OBJC_ISA_USAGE = YES_ERROR;
				CLANG_WARN_DOCUMENTATION_COMMENTS = YES;
				CLANG_WARN_EMPTY_BODY = YES;
				CLANG_WARN_ENUM_CONVERSION = YES;
				CLANG_WARN_INFINITE_RECURSION = YES;
				CLANG_WARN_INT_CONVERSION = YES;
				CLANG_WARN_NON_LITERAL_NULL_CONVERSION = YES;
				CLANG_WARN_OBJC_LITERAL_CONVERSION = YES;
				CLANG_WARN_OBJC_ROOT_CLASS = YES_ERROR;
				CLANG_WARN_RANGE_LOOP_ANALYSIS = YES;
				CLANG_WARN_STRICT_PROTOTYPES = YES;
				CLANG_WARN_SUSPICIOUS_MOVE = YES;
				CLANG_WARN_UNGUARDED_AVAILABILITY = YES_AGGRESSIVE;
				CLANG_WARN_UNREACHABLE_CODE = YES;
				CLANG_WARN__DUPLICATE_METHOD_MATCH = YES;
				CODE_SIGN_IDENTITY = "iPhone Developer";
				COPY_PHASE_STRIP = NO;
				DEBUG_INFORMATION_FORMAT = dwarf;
				ENABLE_STRICT_OBJC_MSGSEND = YES;
				ENABLE_TESTABILITY = YES;
				GCC_C_LANGUAGE_STANDARD = gnu11;
				GCC_DYNAMIC_NO_PIC = NO;
				GCC_NO_COMMON_BLOCKS = YES;
				GCC_OPTIMIZATION_LEVEL = 0;
				GCC_PREPROCESSOR_DEFINITIONS = (
					"DEBUG=1",
					"$(inherited)",
				);
				GCC_WARN_64_TO_32_BIT_CONVERSION = YES;
				GCC_WARN_ABOUT_RETURN_TYPE = YES_ERROR;
				GCC_WARN_UNDECLARED_SELECTOR = YES;
				GCC_WARN_UNINITIALIZED_AUTOS = YES_AGGRESSIVE;
				GCC_WARN_UNUSED_FUNCTION = YES;
				GCC_WARN_UNUSED_VARIABLE = YES;
				IPHONEOS_DEPLOYMENT_TARGET = 11.0;
				MTL_ENABLE_DEBUG_INFO = YES;
				ONLY_ACTIVE_ARCH = YES;
				SDKROOT = iphoneos;
				SWIFT_ACTIVE_COMPILATION_CONDITIONS = DEBUG;
				SWIFT_OPTIMIZATION_LEVEL = "-Onone";
			};
			name = Debug;
		};
		FA9AF68B1F4AA6AF00859933 /* Release */ = {
			isa = XCBuildConfiguration;
			buildSettings = {
				ALWAYS_SEARCH_USER_PATHS = NO;
				CLANG_ANALYZER_NONNULL = YES;
				CLANG_ANALYZER_NUMBER_OBJECT_CONVERSION = YES_AGGRESSIVE;
				CLANG_CXX_LANGUAGE_STANDARD = "gnu++14";
				CLANG_CXX_LIBRARY = "libc++";
				CLANG_ENABLE_MODULES = YES;
				CLANG_ENABLE_OBJC_ARC = YES;
				CLANG_WARN_BLOCK_CAPTURE_AUTORELEASING = YES;
				CLANG_WARN_BOOL_CONVERSION = YES;
				CLANG_WARN_COMMA = YES;
				CLANG_WARN_CONSTANT_CONVERSION = YES;
				CLANG_WARN_DIRECT_OBJC_ISA_USAGE = YES_ERROR;
				CLANG_WARN_DOCUMENTATION_COMMENTS = YES;
				CLANG_WARN_EMPTY_BODY = YES;
				CLANG_WARN_ENUM_CONVERSION = YES;
				CLANG_WARN_INFINITE_RECURSION = YES;
				CLANG_WARN_INT_CONVERSION = YES;
				CLANG_WARN_NON_LITERAL_NULL_CONVERSION = YES;
				CLANG_WARN_OBJC_LITERAL_CONVERSION = YES;
				CLANG_WARN_OBJC_ROOT_CLASS = YES_ERROR;
				CLANG_WARN_RANGE_LOOP_ANALYSIS = YES;
				CLANG_WARN_STRICT_PROTOTYPES = YES;
				CLANG_WARN_SUSPICIOUS_MOVE = YES;
				CLANG_WARN_UNGUARDED_AVAILABILITY = YES_AGGRESSIVE;
				CLANG_WARN_UNREACHABLE_CODE = YES;
				CLANG_WARN__DUPLICATE_METHOD_MATCH = YES;
				CODE_SIGN_IDENTITY = "iPhone Developer";
				COPY_PHASE_STRIP = NO;
				DEBUG_INFORMATION_FORMAT = "dwarf-with-dsym";
				ENABLE_NS_ASSERTIONS = NO;
				ENABLE_STRICT_OBJC_MSGSEND = YES;
				GCC_C_LANGUAGE_STANDARD = gnu11;
				GCC_NO_COMMON_BLOCKS = YES;
				GCC_WARN_64_TO_32_BIT_CONVERSION = YES;
				GCC_WARN_ABOUT_RETURN_TYPE = YES_ERROR;
				GCC_WARN_UNDECLARED_SELECTOR = YES;
				GCC_WARN_UNINITIALIZED_AUTOS = YES_AGGRESSIVE;
				GCC_WARN_UNUSED_FUNCTION = YES;
				GCC_WARN_UNUSED_VARIABLE = YES;
				IPHONEOS_DEPLOYMENT_TARGET = 11.0;
				MTL_ENABLE_DEBUG_INFO = NO;
				SDKROOT = iphoneos;
				SWIFT_OPTIMIZATION_LEVEL = "-Owholemodule";
				VALIDATE_PRODUCT = YES;
			};
			name = Release;
		};
		FA9AF68D1F4AA6AF00859933 /* Debug */ = {
			isa = XCBuildConfiguration;
			buildSettings = {
				ASSETCATALOG_COMPILER_APPICON_NAME = AppIcon;
				DEVELOPMENT_TEAM = HVGT39W8TB;
				INFOPLIST_FILE = "coder-swag/Info.plist";
				LD_RUNPATH_SEARCH_PATHS = "$(inherited) @executable_path/Frameworks";
				PRODUCT_BUNDLE_IDENTIFIER = "com.cecuba.coder-swag";
				PRODUCT_NAME = "$(TARGET_NAME)";
				SWIFT_VERSION = 4.0;
				TARGETED_DEVICE_FAMILY = "1,2";
			};
			name = Debug;
		};
		FA9AF68E1F4AA6AF00859933 /* Release */ = {
			isa = XCBuildConfiguration;
			buildSettings = {
				ASSETCATALOG_COMPILER_APPICON_NAME = AppIcon;
				DEVELOPMENT_TEAM = HVGT39W8TB;
				INFOPLIST_FILE = "coder-swag/Info.plist";
				LD_RUNPATH_SEARCH_PATHS = "$(inherited) @executable_path/Frameworks";
				PRODUCT_BUNDLE_IDENTIFIER = "com.cecuba.coder-swag";
				PRODUCT_NAME = "$(TARGET_NAME)";
				SWIFT_VERSION = 4.0;
				TARGETED_DEVICE_FAMILY = "1,2";
			};
			name = Release;
		};
/* End XCBuildConfiguration section */

/* Begin XCConfigurationList section */
		FA9AF6751F4AA6AF00859933 /* Build configuration list for PBXProject "coder-swag" */ = {
			isa = XCConfigurationList;
			buildConfigurations = (
				FA9AF68A1F4AA6AF00859933 /* Debug */,
				FA9AF68B1F4AA6AF00859933 /* Release */,
			);
			defaultConfigurationIsVisible = 0;
			defaultConfigurationName = Release;
		};
		FA9AF68C1F4AA6AF00859933 /* Build configuration list for PBXNativeTarget "coder-swag" */ = {
			isa = XCConfigurationList;
			buildConfigurations = (
				FA9AF68D1F4AA6AF00859933 /* Debug */,
				FA9AF68E1F4AA6AF00859933 /* Release */,
			);
			defaultConfigurationIsVisible = 0;
			defaultConfigurationName = Release;
		};
/* End XCConfigurationList section */
	};
	rootObject = FA9AF6721F4AA6AF00859933 /* Project object */;
}
